{
  "originHash" : "60b24d85964c769a1b61c0f69ab1fbcd1776fd5d35b47514729b3682a6242d36",
  "pins" : [
    {
      "identity" : "flcharts",
      "kind" : "remoteSourceControl",
      "location" : "https://github.com/francescoleoni98/FLCharts",
      "state" : {
        "revision" : "43e0e5ea6f26678a1e177c1bfc62aa6818781c30",
        "version" : "1.9.1"
      }
    }
  ],
  "version" : 3
}
