// !$*UTF8*$!
{
	archiveVersion = 1;
	classes = {
	};
	objectVersion = 56;
	objects = {

/* Begin PBXBuildFile section */
		6B0C1CB32CA88A7700C701D1 /* DesignFormViewController.xib in Resources */ = {isa = PBXBuildFile; fileRef = 6B0C1CB22CA88A7700C701D1 /* DesignFormViewController.xib */; };
		6B0C1CB42CA88A7700C701D1 /* DesignFormViewController.swift in Sources */ = {isa = PBXBuildFile; fileRef = 6B0C1CB12CA88A7700C701D1 /* DesignFormViewController.swift */; };
		6B0C1CB62CA88C9500C701D1 /* BaseTextView.swift in Sources */ = {isa = PBXBuildFile; fileRef = 6B0C1CB52CA88C9500C701D1 /* BaseTextView.swift */; };
		6B0C1CB82CA8B80800C701D1 /* MuseoModerno-Regular.ttf in Resources */ = {isa = PBXBuildFile; fileRef = 6B0C1CB72CA8B80800C701D1 /* MuseoModerno-Regular.ttf */; };
		6B0C1CBB2CA8B94900C701D1 /* DesignFormViewModel.swift in Sources */ = {isa = PBXBuildFile; fileRef = 6B0C1CBA2CA8B94900C701D1 /* DesignFormViewModel.swift */; };
		6BB222822CA6DFED00473864 /* Image.swift in Sources */ = {isa = PBXBuildFile; fileRef = 6BB222812CA6DFED00473864 /* Image.swift */; };
		6BB222842CA6EC4D00473864 /* BaseButton.swift in Sources */ = {isa = PBXBuildFile; fileRef = 6BB222832CA6EC4D00473864 /* BaseButton.swift */; };
		6BB222862CA6EE3D00473864 /* PriceTextField.swift in Sources */ = {isa = PBXBuildFile; fileRef = 6BB222852CA6EE3D00473864 /* PriceTextField.swift */; };
		6BB222882CA6EE6400473864 /* EmailTextField.swift in Sources */ = {isa = PBXBuildFile; fileRef = 6BB222872CA6EE6400473864 /* EmailTextField.swift */; };
		6BB2228A2CA6F15800473864 /* PhoneNumberTextField.swift in Sources */ = {isa = PBXBuildFile; fileRef = 6BB222892CA6F15800473864 /* PhoneNumberTextField.swift */; };
		6BB2228D2CA6F9DC00473864 /* RecordModel.swift in Sources */ = {isa = PBXBuildFile; fileRef = 6BB2228C2CA6F9DC00473864 /* RecordModel.swift */; };
		6BB222902CA6FD7400473864 /* RecordFormViewModel.swift in Sources */ = {isa = PBXBuildFile; fileRef = 6BB2228F2CA6FD7400473864 /* RecordFormViewModel.swift */; };
		6BB222932CA729F500473864 /* CoreDataManager.swift in Sources */ = {isa = PBXBuildFile; fileRef = 6BB222922CA729F500473864 /* CoreDataManager.swift */; };
		6BB222972CA72DD700473864 /* RecordTableViewCell.xib in Resources */ = {isa = PBXBuildFile; fileRef = 6BB222962CA72DD700473864 /* RecordTableViewCell.xib */; };
		6BB222982CA72DD700473864 /* RecordTableViewCell.swift in Sources */ = {isa = PBXBuildFile; fileRef = 6BB222952CA72DD700473864 /* RecordTableViewCell.swift */; };
		6BB2229A2CA7360F00473864 /* Date.swift in Sources */ = {isa = PBXBuildFile; fileRef = 6BB222992CA7360F00473864 /* Date.swift */; };
		6BB2229D2CA736EB00473864 /* RecordsViewModel.swift in Sources */ = {isa = PBXBuildFile; fileRef = 6BB2229C2CA736EB00473864 /* RecordsViewModel.swift */; };
		6BB222A42CA7743A00473864 /* TabBar.storyboard in Resources */ = {isa = PBXBuildFile; fileRef = 6BB222A32CA7743A00473864 /* TabBar.storyboard */; };
		6BB222A62CA774CF00473864 /* TabBarController.swift in Sources */ = {isa = PBXBuildFile; fileRef = 6BB222A52CA774CF00473864 /* TabBarController.swift */; };
		6BB222A82CA779C300473864 /* DesignViewController.swift in Sources */ = {isa = PBXBuildFile; fileRef = 6BB222A72CA779C300473864 /* DesignViewController.swift */; };
		6BB222AA2CA780C300473864 /* CatalogViewController.swift in Sources */ = {isa = PBXBuildFile; fileRef = 6BB222A92CA780C300473864 /* CatalogViewController.swift */; };
		6BB222B02CA860BA00473864 /* DesignModel.swift in Sources */ = {isa = PBXBuildFile; fileRef = 6BB222AF2CA860BA00473864 /* DesignModel.swift */; };
		6BB222B32CA861A100473864 /* DesignsViewModel.swift in Sources */ = {isa = PBXBuildFile; fileRef = 6BB222B22CA861A100473864 /* DesignsViewModel.swift */; };
		6BB222B72CA8636A00473864 /* DesignCollectionViewCell.xib in Resources */ = {isa = PBXBuildFile; fileRef = 6BB222B62CA8636A00473864 /* DesignCollectionViewCell.xib */; };
		6BB222B82CA8636A00473864 /* DesignCollectionViewCell.swift in Sources */ = {isa = PBXBuildFile; fileRef = 6BB222B52CA8636A00473864 /* DesignCollectionViewCell.swift */; };
		6BB222BA2CA865B800473864 /* PaddingLabel.swift in Sources */ = {isa = PBXBuildFile; fileRef = 6BB222B92CA865B800473864 /* PaddingLabel.swift */; };
		6BB222BD2CA8827800473864 /* AddDesignCollectionViewCell.xib in Resources */ = {isa = PBXBuildFile; fileRef = 6BB222BC2CA8827800473864 /* AddDesignCollectionViewCell.xib */; };
		6BB222BE2CA8827800473864 /* AddDesignCollectionViewCell.swift in Sources */ = {isa = PBXBuildFile; fileRef = 6BB222BB2CA8827800473864 /* AddDesignCollectionViewCell.swift */; };
		6BCA1C902CA5DF9800283FDB /* AppDelegate.swift in Sources */ = {isa = PBXBuildFile; fileRef = 6BCA1C8F2CA5DF9800283FDB /* AppDelegate.swift */; };
		6BCA1C922CA5DF9800283FDB /* SceneDelegate.swift in Sources */ = {isa = PBXBuildFile; fileRef = 6BCA1C912CA5DF9800283FDB /* SceneDelegate.swift */; };
		6BCA1C972CA5DF9800283FDB /* Base in Resources */ = {isa = PBXBuildFile; fileRef = 6BCA1C962CA5DF9800283FDB /* Base */; };
		6BCA1C9A2CA5DF9800283FDB /* Manicurist.xcdatamodeld in Sources */ = {isa = PBXBuildFile; fileRef = 6BCA1C982CA5DF9800283FDB /* Manicurist.xcdatamodeld */; };
		6BCA1C9C2CA5DF9A00283FDB /* Assets.xcassets in Resources */ = {isa = PBXBuildFile; fileRef = 6BCA1C9B2CA5DF9A00283FDB /* Assets.xcassets */; };
		6BCA1C9F2CA5DF9A00283FDB /* Base in Resources */ = {isa = PBXBuildFile; fileRef = 6BCA1C9E2CA5DF9A00283FDB /* Base */; };
		6BCA1CAD2CA5E3E000283FDB /* UIView.swift in Sources */ = {isa = PBXBuildFile; fileRef = 6BCA1CAC2CA5E3E000283FDB /* UIView.swift */; };
		6BCA1CAF2CA5E45900283FDB /* MenuViewController.swift in Sources */ = {isa = PBXBuildFile; fileRef = 6BCA1CAE2CA5E45900283FDB /* MenuViewController.swift */; };
		6BCA1CB12CA606D200283FDB /* ViewController.swift in Sources */ = {isa = PBXBuildFile; fileRef = 6BCA1CB02CA606D200283FDB /* ViewController.swift */; };
		6BCA1CB62CA6B37A00283FDB /* InfoViewController.swift in Sources */ = {isa = PBXBuildFile; fileRef = 6BCA1CB42CA6B37A00283FDB /* InfoViewController.swift */; };
		6BCA1CB72CA6B37A00283FDB /* InfoViewController.xib in Resources */ = {isa = PBXBuildFile; fileRef = 6BCA1CB52CA6B37A00283FDB /* InfoViewController.xib */; };
		6BCA1CBB2CA6B5FC00283FDB /* ADLaMDisplay-Regular.ttf in Resources */ = {isa = PBXBuildFile; fileRef = 6BCA1CBA2CA6B5FC00283FDB /* ADLaMDisplay-Regular.ttf */; };
		6BCA1CC02CA6B71500283FDB /* SFProText-Medium.ttf in Resources */ = {isa = PBXBuildFile; fileRef = 6BCA1CBC2CA6B71400283FDB /* SFProText-Medium.ttf */; };
		6BCA1CC12CA6B71500283FDB /* SFProText-Bold.ttf in Resources */ = {isa = PBXBuildFile; fileRef = 6BCA1CBD2CA6B71400283FDB /* SFProText-Bold.ttf */; };
		6BCA1CC22CA6B71500283FDB /* SFProText-Regular.ttf in Resources */ = {isa = PBXBuildFile; fileRef = 6BCA1CBE2CA6B71500283FDB /* SFProText-Regular.ttf */; };
		6BCA1CC32CA6B71500283FDB /* SFProText-Semibold.ttf in Resources */ = {isa = PBXBuildFile; fileRef = 6BCA1CBF2CA6B71500283FDB /* SFProText-Semibold.ttf */; };
		6BCA1CC52CA6B73400283FDB /* SFProText-MediumItalic.ttf in Resources */ = {isa = PBXBuildFile; fileRef = 6BCA1CC42CA6B73300283FDB /* SFProText-MediumItalic.ttf */; };
		6BCA1CC72CA6B78700283FDB /* Font.swift in Sources */ = {isa = PBXBuildFile; fileRef = 6BCA1CC62CA6B78700283FDB /* Font.swift */; };
		6BCA1CC92CA6B79A00283FDB /* StringKey.swift in Sources */ = {isa = PBXBuildFile; fileRef = 6BCA1CC82CA6B79A00283FDB /* StringKey.swift */; };
		6BCA1CCB2CA6BCD300283FDB /* EdgeShadowLayer.swift in Sources */ = {isa = PBXBuildFile; fileRef = 6BCA1CCA2CA6BCD300283FDB /* EdgeShadowLayer.swift */; };
		6BCA1CCF2CA6CD3700283FDB /* MuseoModerno-Medium.ttf in Resources */ = {isa = PBXBuildFile; fileRef = 6BCA1CCE2CA6CD3700283FDB /* MuseoModerno-Medium.ttf */; };
		6BCA1CD42CA6CF3B00283FDB /* RecordsViewController.swift in Sources */ = {isa = PBXBuildFile; fileRef = 6BCA1CD22CA6CF3B00283FDB /* RecordsViewController.swift */; };
		6BCA1CD52CA6CF3B00283FDB /* RecordsViewController.xib in Resources */ = {isa = PBXBuildFile; fileRef = 6BCA1CD32CA6CF3B00283FDB /* RecordsViewController.xib */; };
		6BCA1CD72CA6CFC800283FDB /* BaseTextField.swift in Sources */ = {isa = PBXBuildFile; fileRef = 6BCA1CD62CA6CFC800283FDB /* BaseTextField.swift */; };
		6BCA1CDC2CA6D7A600283FDB /* RecordFormViewController.swift in Sources */ = {isa = PBXBuildFile; fileRef = 6BCA1CDA2CA6D7A600283FDB /* RecordFormViewController.swift */; };
		6BCA1CDD2CA6D7A600283FDB /* RecordFormViewController.xib in Resources */ = {isa = PBXBuildFile; fileRef = 6BCA1CDB2CA6D7A600283FDB /* RecordFormViewController.xib */; };
/* End PBXBuildFile section */

/* Begin PBXFileReference section */
		6B0C1CB12CA88A7700C701D1 /* DesignFormViewController.swift */ = {isa = PBXFileReference; lastKnownFileType = sourcecode.swift; path = DesignFormViewController.swift; sourceTree = "<group>"; };
		6B0C1CB22CA88A7700C701D1 /* DesignFormViewController.xib */ = {isa = PBXFileReference; lastKnownFileType = file.xib; path = DesignFormViewController.xib; sourceTree = "<group>"; };
		6B0C1CB52CA88C9500C701D1 /* BaseTextView.swift */ = {isa = PBXFileReference; lastKnownFileType = sourcecode.swift; path = BaseTextView.swift; sourceTree = "<group>"; };
		6B0C1CB72CA8B80800C701D1 /* MuseoModerno-Regular.ttf */ = {isa = PBXFileReference; lastKnownFileType = file; path = "MuseoModerno-Regular.ttf"; sourceTree = "<group>"; };
		6B0C1CBA2CA8B94900C701D1 /* DesignFormViewModel.swift */ = {isa = PBXFileReference; lastKnownFileType = sourcecode.swift; path = DesignFormViewModel.swift; sourceTree = "<group>"; };
		6BB222812CA6DFED00473864 /* Image.swift */ = {isa = PBXFileReference; lastKnownFileType = sourcecode.swift; path = Image.swift; sourceTree = "<group>"; };
		6BB222832CA6EC4D00473864 /* BaseButton.swift */ = {isa = PBXFileReference; lastKnownFileType = sourcecode.swift; path = BaseButton.swift; sourceTree = "<group>"; };
		6BB222852CA6EE3D00473864 /* PriceTextField.swift */ = {isa = PBXFileReference; lastKnownFileType = sourcecode.swift; path = PriceTextField.swift; sourceTree = "<group>"; };
		6BB222872CA6EE6400473864 /* EmailTextField.swift */ = {isa = PBXFileReference; lastKnownFileType = sourcecode.swift; path = EmailTextField.swift; sourceTree = "<group>"; };
		6BB222892CA6F15800473864 /* PhoneNumberTextField.swift */ = {isa = PBXFileReference; lastKnownFileType = sourcecode.swift; path = PhoneNumberTextField.swift; sourceTree = "<group>"; };
		6BB2228C2CA6F9DC00473864 /* RecordModel.swift */ = {isa = PBXFileReference; lastKnownFileType = sourcecode.swift; path = RecordModel.swift; sourceTree = "<group>"; };
		6BB2228F2CA6FD7400473864 /* RecordFormViewModel.swift */ = {isa = PBXFileReference; lastKnownFileType = sourcecode.swift; path = RecordFormViewModel.swift; sourceTree = "<group>"; };
		6BB222922CA729F500473864 /* CoreDataManager.swift */ = {isa = PBXFileReference; lastKnownFileType = sourcecode.swift; path = CoreDataManager.swift; sourceTree = "<group>"; };
		6BB222952CA72DD700473864 /* RecordTableViewCell.swift */ = {isa = PBXFileReference; lastKnownFileType = sourcecode.swift; path = RecordTableViewCell.swift; sourceTree = "<group>"; };
		6BB222962CA72DD700473864 /* RecordTableViewCell.xib */ = {isa = PBXFileReference; lastKnownFileType = file.xib; path = RecordTableViewCell.xib; sourceTree = "<group>"; };
		6BB222992CA7360F00473864 /* Date.swift */ = {isa = PBXFileReference; lastKnownFileType = sourcecode.swift; path = Date.swift; sourceTree = "<group>"; };
		6BB2229C2CA736EB00473864 /* RecordsViewModel.swift */ = {isa = PBXFileReference; lastKnownFileType = sourcecode.swift; path = RecordsViewModel.swift; sourceTree = "<group>"; };
		6BB222A32CA7743A00473864 /* TabBar.storyboard */ = {isa = PBXFileReference; lastKnownFileType = file.storyboard; path = TabBar.storyboard; sourceTree = "<group>"; };
		6BB222A52CA774CF00473864 /* TabBarController.swift */ = {isa = PBXFileReference; lastKnownFileType = sourcecode.swift; path = TabBarController.swift; sourceTree = "<group>"; };
		6BB222A72CA779C300473864 /* DesignViewController.swift */ = {isa = PBXFileReference; lastKnownFileType = sourcecode.swift; path = DesignViewController.swift; sourceTree = "<group>"; };
		6BB222A92CA780C300473864 /* CatalogViewController.swift */ = {isa = PBXFileReference; lastKnownFileType = sourcecode.swift; path = CatalogViewController.swift; sourceTree = "<group>"; };
		6BB222AF2CA860BA00473864 /* DesignModel.swift */ = {isa = PBXFileReference; lastKnownFileType = sourcecode.swift; path = DesignModel.swift; sourceTree = "<group>"; };
		6BB222B22CA861A100473864 /* DesignsViewModel.swift */ = {isa = PBXFileReference; lastKnownFileType = sourcecode.swift; path = DesignsViewModel.swift; sourceTree = "<group>"; };
		6BB222B52CA8636A00473864 /* DesignCollectionViewCell.swift */ = {isa = PBXFileReference; lastKnownFileType = sourcecode.swift; path = DesignCollectionViewCell.swift; sourceTree = "<group>"; };
		6BB222B62CA8636A00473864 /* DesignCollectionViewCell.xib */ = {isa = PBXFileReference; lastKnownFileType = file.xib; path = DesignCollectionViewCell.xib; sourceTree = "<group>"; };
		6BB222B92CA865B800473864 /* PaddingLabel.swift */ = {isa = PBXFileReference; lastKnownFileType = sourcecode.swift; path = PaddingLabel.swift; sourceTree = "<group>"; };
		6BB222BB2CA8827800473864 /* AddDesignCollectionViewCell.swift */ = {isa = PBXFileReference; lastKnownFileType = sourcecode.swift; path = AddDesignCollectionViewCell.swift; sourceTree = "<group>"; };
		6BB222BC2CA8827800473864 /* AddDesignCollectionViewCell.xib */ = {isa = PBXFileReference; lastKnownFileType = file.xib; path = AddDesignCollectionViewCell.xib; sourceTree = "<group>"; };
		6BCA1C8C2CA5DF9800283FDB /* Manicurist.app */ = {isa = PBXFileReference; explicitFileType = wrapper.application; includeInIndex = 0; path = Manicurist.app; sourceTree = BUILT_PRODUCTS_DIR; };
		6BCA1C8F2CA5DF9800283FDB /* AppDelegate.swift */ = {isa = PBXFileReference; lastKnownFileType = sourcecode.swift; path = AppDelegate.swift; sourceTree = "<group>"; };
		6BCA1C912CA5DF9800283FDB /* SceneDelegate.swift */ = {isa = PBXFileReference; lastKnownFileType = sourcecode.swift; path = SceneDelegate.swift; sourceTree = "<group>"; };
		6BCA1C962CA5DF9800283FDB /* Base */ = {isa = PBXFileReference; lastKnownFileType = file.storyboard; name = Base; path = Base.lproj/Menu.storyboard; sourceTree = "<group>"; };
		6BCA1C992CA5DF9800283FDB /* Manicurist.xcdatamodel */ = {isa = PBXFileReference; lastKnownFileType = wrapper.xcdatamodel; path = Manicurist.xcdatamodel; sourceTree = "<group>"; };
		6BCA1C9B2CA5DF9A00283FDB /* Assets.xcassets */ = {isa = PBXFileReference; lastKnownFileType = folder.assetcatalog; path = Assets.xcassets; sourceTree = "<group>"; };
		6BCA1C9E2CA5DF9A00283FDB /* Base */ = {isa = PBXFileReference; lastKnownFileType = file.storyboard; name = Base; path = Base.lproj/LaunchScreen.storyboard; sourceTree = "<group>"; };
		6BCA1CA02CA5DF9A00283FDB /* Info.plist */ = {isa = PBXFileReference; lastKnownFileType = text.plist.xml; path = Info.plist; sourceTree = "<group>"; };
		6BCA1CAC2CA5E3E000283FDB /* UIView.swift */ = {isa = PBXFileReference; lastKnownFileType = sourcecode.swift; path = UIView.swift; sourceTree = "<group>"; };
		6BCA1CAE2CA5E45900283FDB /* MenuViewController.swift */ = {isa = PBXFileReference; lastKnownFileType = sourcecode.swift; path = MenuViewController.swift; sourceTree = "<group>"; };
		6BCA1CB02CA606D200283FDB /* ViewController.swift */ = {isa = PBXFileReference; lastKnownFileType = sourcecode.swift; path = ViewController.swift; sourceTree = "<group>"; };
		6BCA1CB42CA6B37A00283FDB /* InfoViewController.swift */ = {isa = PBXFileReference; lastKnownFileType = sourcecode.swift; path = InfoViewController.swift; sourceTree = "<group>"; };
		6BCA1CB52CA6B37A00283FDB /* InfoViewController.xib */ = {isa = PBXFileReference; lastKnownFileType = file.xib; path = InfoViewController.xib; sourceTree = "<group>"; };
		6BCA1CBA2CA6B5FC00283FDB /* ADLaMDisplay-Regular.ttf */ = {isa = PBXFileReference; lastKnownFileType = file; path = "ADLaMDisplay-Regular.ttf"; sourceTree = "<group>"; };
		6BCA1CBC2CA6B71400283FDB /* SFProText-Medium.ttf */ = {isa = PBXFileReference; lastKnownFileType = file; path = "SFProText-Medium.ttf"; sourceTree = "<group>"; };
		6BCA1CBD2CA6B71400283FDB /* SFProText-Bold.ttf */ = {isa = PBXFileReference; lastKnownFileType = file; path = "SFProText-Bold.ttf"; sourceTree = "<group>"; };
		6BCA1CBE2CA6B71500283FDB /* SFProText-Regular.ttf */ = {isa = PBXFileReference; lastKnownFileType = file; path = "SFProText-Regular.ttf"; sourceTree = "<group>"; };
		6BCA1CBF2CA6B71500283FDB /* SFProText-Semibold.ttf */ = {isa = PBXFileReference; lastKnownFileType = file; path = "SFProText-Semibold.ttf"; sourceTree = "<group>"; };
		6BCA1CC42CA6B73300283FDB /* SFProText-MediumItalic.ttf */ = {isa = PBXFileReference; lastKnownFileType = file; path = "SFProText-MediumItalic.ttf"; sourceTree = "<group>"; };
		6BCA1CC62CA6B78700283FDB /* Font.swift */ = {isa = PBXFileReference; lastKnownFileType = sourcecode.swift; path = Font.swift; sourceTree = "<group>"; };
		6BCA1CC82CA6B79A00283FDB /* StringKey.swift */ = {isa = PBXFileReference; lastKnownFileType = sourcecode.swift; path = StringKey.swift; sourceTree = "<group>"; };
		6BCA1CCA2CA6BCD300283FDB /* EdgeShadowLayer.swift */ = {isa = PBXFileReference; lastKnownFileType = sourcecode.swift; path = EdgeShadowLayer.swift; sourceTree = "<group>"; };
		6BCA1CCE2CA6CD3700283FDB /* MuseoModerno-Medium.ttf */ = {isa = PBXFileReference; lastKnownFileType = file; path = "MuseoModerno-Medium.ttf"; sourceTree = "<group>"; };
		6BCA1CD22CA6CF3B00283FDB /* RecordsViewController.swift */ = {isa = PBXFileReference; lastKnownFileType = sourcecode.swift; path = RecordsViewController.swift; sourceTree = "<group>"; };
		6BCA1CD32CA6CF3B00283FDB /* RecordsViewController.xib */ = {isa = PBXFileReference; lastKnownFileType = file.xib; path = RecordsViewController.xib; sourceTree = "<group>"; };
		6BCA1CD62CA6CFC800283FDB /* BaseTextField.swift */ = {isa = PBXFileReference; lastKnownFileType = sourcecode.swift; path = BaseTextField.swift; sourceTree = "<group>"; };
		6BCA1CDA2CA6D7A600283FDB /* RecordFormViewController.swift */ = {isa = PBXFileReference; lastKnownFileType = sourcecode.swift; path = RecordFormViewController.swift; sourceTree = "<group>"; };
		6BCA1CDB2CA6D7A600283FDB /* RecordFormViewController.xib */ = {isa = PBXFileReference; lastKnownFileType = file.xib; path = RecordFormViewController.xib; sourceTree = "<group>"; };
/* End PBXFileReference section */

/* Begin PBXFrameworksBuildPhase section */
		6BCA1C892CA5DF9800283FDB /* Frameworks */ = {
			isa = PBXFrameworksBuildPhase;
			buildActionMask = 2147483647;
			files = (
			);
			runOnlyForDeploymentPostprocessing = 0;
		};
/* End PBXFrameworksBuildPhase section */

/* Begin PBXGroup section */
		6B0C1CAF2CA88A4900C701D1 /* DesignForm */ = {
			isa = PBXGroup;
			children = (
				6B0C1CB92CA8B92600C701D1 /* ViewModel */,
				6B0C1CB02CA88A5500C701D1 /* View */,
			);
			path = DesignForm;
			sourceTree = "<group>";
		};
		6B0C1CB02CA88A5500C701D1 /* View */ = {
			isa = PBXGroup;
			children = (
				6B0C1CB12CA88A7700C701D1 /* DesignFormViewController.swift */,
				6B0C1CB22CA88A7700C701D1 /* DesignFormViewController.xib */,
			);
			path = View;
			sourceTree = "<group>";
		};
		6B0C1CB92CA8B92600C701D1 /* ViewModel */ = {
			isa = PBXGroup;
			children = (
				6B0C1CBA2CA8B94900C701D1 /* DesignFormViewModel.swift */,
			);
			path = ViewModel;
			sourceTree = "<group>";
		};
		6BB2228B2CA6F9C200473864 /* Model */ = {
			isa = PBXGroup;
			children = (
				6BB2228C2CA6F9DC00473864 /* RecordModel.swift */,
			);
			path = Model;
			sourceTree = "<group>";
		};
		6BB2228E2CA6FD6500473864 /* ViewModel */ = {
			isa = PBXGroup;
			children = (
				6BB2228F2CA6FD7400473864 /* RecordFormViewModel.swift */,
			);
			path = ViewModel;
			sourceTree = "<group>";
		};
		6BB222912CA729E600473864 /* CoreData */ = {
			isa = PBXGroup;
			children = (
				6BB222922CA729F500473864 /* CoreDataManager.swift */,
			);
			path = CoreData;
			sourceTree = "<group>";
		};
		6BB222942CA72DC100473864 /* Cell */ = {
			isa = PBXGroup;
			children = (
				6BB222952CA72DD700473864 /* RecordTableViewCell.swift */,
				6BB222962CA72DD700473864 /* RecordTableViewCell.xib */,
			);
			path = Cell;
			sourceTree = "<group>";
		};
		6BB2229B2CA736D200473864 /* ViewModel */ = {
			isa = PBXGroup;
			children = (
				6BB2229C2CA736EB00473864 /* RecordsViewModel.swift */,
			);
			path = ViewModel;
			sourceTree = "<group>";
		};
		6BB2229E2CA773D800473864 /* TabBar */ = {
			isa = PBXGroup;
			children = (
				6BB222A32CA7743A00473864 /* TabBar.storyboard */,
				6BB222A52CA774CF00473864 /* TabBarController.swift */,
				6BB222A92CA780C300473864 /* CatalogViewController.swift */,
			);
			path = TabBar;
			sourceTree = "<group>";
		};
		6BB222AB2CA8125B00473864 /* Catalog */ = {
			isa = PBXGroup;
			children = (
				6B0C1CAF2CA88A4900C701D1 /* DesignForm */,
				6BB222AC2CA8137B00473864 /* Design */,
				6BB2229E2CA773D800473864 /* TabBar */,
			);
			path = Catalog;
			sourceTree = "<group>";
		};
		6BB222AC2CA8137B00473864 /* Design */ = {
			isa = PBXGroup;
			children = (
				6BB222B42CA862C700473864 /* Cell */,
				6BB222B12CA8619300473864 /* ViewModel */,
				6BB222AE2CA860AE00473864 /* Model */,
				6BB222AD2CA860A700473864 /* View */,
			);
			path = Design;
			sourceTree = "<group>";
		};
		6BB222AD2CA860A700473864 /* View */ = {
			isa = PBXGroup;
			children = (
				6BB222A72CA779C300473864 /* DesignViewController.swift */,
			);
			path = View;
			sourceTree = "<group>";
		};
		6BB222AE2CA860AE00473864 /* Model */ = {
			isa = PBXGroup;
			children = (
				6BB222AF2CA860BA00473864 /* DesignModel.swift */,
			);
			path = Model;
			sourceTree = "<group>";
		};
		6BB222B12CA8619300473864 /* ViewModel */ = {
			isa = PBXGroup;
			children = (
				6BB222B22CA861A100473864 /* DesignsViewModel.swift */,
			);
			path = ViewModel;
			sourceTree = "<group>";
		};
		6BB222B42CA862C700473864 /* Cell */ = {
			isa = PBXGroup;
			children = (
				6BB222B52CA8636A00473864 /* DesignCollectionViewCell.swift */,
				6BB222B62CA8636A00473864 /* DesignCollectionViewCell.xib */,
				6BB222BB2CA8827800473864 /* AddDesignCollectionViewCell.swift */,
				6BB222BC2CA8827800473864 /* AddDesignCollectionViewCell.xib */,
			);
			path = Cell;
			sourceTree = "<group>";
		};
		6BCA1C832CA5DF9800283FDB = {
			isa = PBXGroup;
			children = (
				6BCA1C8E2CA5DF9800283FDB /* Manicurist */,
				6BCA1C8D2CA5DF9800283FDB /* Products */,
			);
			sourceTree = "<group>";
		};
		6BCA1C8D2CA5DF9800283FDB /* Products */ = {
			isa = PBXGroup;
			children = (
				6BCA1C8C2CA5DF9800283FDB /* Manicurist.app */,
			);
			name = Products;
			sourceTree = "<group>";
		};
		6BCA1C8E2CA5DF9800283FDB /* Manicurist */ = {
			isa = PBXGroup;
			children = (
				6BB222AB2CA8125B00473864 /* Catalog */,
				6BCA1CD82CA6D77E00283FDB /* RecordForm */,
				6BCA1CD02CA6CED500283FDB /* Records */,
				6BCA1CB32CA6B33300283FDB /* Info */,
				6BCA1CB22CA6B32500283FDB /* Menu */,
				6BCA1C8F2CA5DF9800283FDB /* AppDelegate.swift */,
				6BCA1C912CA5DF9800283FDB /* SceneDelegate.swift */,
				6BB222912CA729E600473864 /* CoreData */,
				6BCA1CAB2CA5E3D000283FDB /* Extensions */,
				6BCA1C9B2CA5DF9A00283FDB /* Assets.xcassets */,
				6BCA1C9D2CA5DF9A00283FDB /* LaunchScreen.storyboard */,
				6BCA1CA02CA5DF9A00283FDB /* Info.plist */,
				6BCA1C982CA5DF9800283FDB /* Manicurist.xcdatamodeld */,
			);
			path = Manicurist;
			sourceTree = "<group>";
		};
		6BCA1CAB2CA5E3D000283FDB /* Extensions */ = {
			isa = PBXGroup;
			children = (
				6BCA1CB02CA606D200283FDB /* ViewController.swift */,
				6BCA1CD62CA6CFC800283FDB /* BaseTextField.swift */,
				6BB222812CA6DFED00473864 /* Image.swift */,
				6BB222832CA6EC4D00473864 /* BaseButton.swift */,
				6BB222852CA6EE3D00473864 /* PriceTextField.swift */,
				6BB222892CA6F15800473864 /* PhoneNumberTextField.swift */,
				6BB222872CA6EE6400473864 /* EmailTextField.swift */,
				6BCA1CCA2CA6BCD300283FDB /* EdgeShadowLayer.swift */,
				6BCA1CAC2CA5E3E000283FDB /* UIView.swift */,
				6BCA1CB92CA6B5DB00283FDB /* Fonts */,
				6BB222992CA7360F00473864 /* Date.swift */,
				6BB222B92CA865B800473864 /* PaddingLabel.swift */,
				6B0C1CB52CA88C9500C701D1 /* BaseTextView.swift */,
			);
			path = Extensions;
			sourceTree = "<group>";
		};
		6BCA1CB22CA6B32500283FDB /* Menu */ = {
			isa = PBXGroup;
			children = (
				6BCA1CAE2CA5E45900283FDB /* MenuViewController.swift */,
				6BCA1C952CA5DF9800283FDB /* Menu.storyboard */,
			);
			path = Menu;
			sourceTree = "<group>";
		};
		6BCA1CB32CA6B33300283FDB /* Info */ = {
			isa = PBXGroup;
			children = (
				6BCA1CB42CA6B37A00283FDB /* InfoViewController.swift */,
				6BCA1CB52CA6B37A00283FDB /* InfoViewController.xib */,
			);
			path = Info;
			sourceTree = "<group>";
		};
		6BCA1CB92CA6B5DB00283FDB /* Fonts */ = {
			isa = PBXGroup;
			children = (
				6BCA1CBA2CA6B5FC00283FDB /* ADLaMDisplay-Regular.ttf */,
				6BCA1CBD2CA6B71400283FDB /* SFProText-Bold.ttf */,
				6BCA1CBC2CA6B71400283FDB /* SFProText-Medium.ttf */,
				6BCA1CBE2CA6B71500283FDB /* SFProText-Regular.ttf */,
				6BCA1CBF2CA6B71500283FDB /* SFProText-Semibold.ttf */,
				6BCA1CC42CA6B73300283FDB /* SFProText-MediumItalic.ttf */,
				6BCA1CCE2CA6CD3700283FDB /* MuseoModerno-Medium.ttf */,
				6B0C1CB72CA8B80800C701D1 /* MuseoModerno-Regular.ttf */,
				6BCA1CC82CA6B79A00283FDB /* StringKey.swift */,
				6BCA1CC62CA6B78700283FDB /* Font.swift */,
			);
			path = Fonts;
			sourceTree = "<group>";
		};
		6BCA1CD02CA6CED500283FDB /* Records */ = {
			isa = PBXGroup;
			children = (
				6BB2229B2CA736D200473864 /* ViewModel */,
				6BB222942CA72DC100473864 /* Cell */,
				6BCA1CD12CA6CF2A00283FDB /* View */,
			);
			path = Records;
			sourceTree = "<group>";
		};
		6BCA1CD12CA6CF2A00283FDB /* View */ = {
			isa = PBXGroup;
			children = (
				6BCA1CD22CA6CF3B00283FDB /* RecordsViewController.swift */,
				6BCA1CD32CA6CF3B00283FDB /* RecordsViewController.xib */,
			);
			path = View;
			sourceTree = "<group>";
		};
		6BCA1CD82CA6D77E00283FDB /* RecordForm */ = {
			isa = PBXGroup;
			children = (
				6BB2228E2CA6FD6500473864 /* ViewModel */,
				6BB2228B2CA6F9C200473864 /* Model */,
				6BCA1CD92CA6D79900283FDB /* View */,
			);
			path = RecordForm;
			sourceTree = "<group>";
		};
		6BCA1CD92CA6D79900283FDB /* View */ = {
			isa = PBXGroup;
			children = (
				6BCA1CDA2CA6D7A600283FDB /* RecordFormViewController.swift */,
				6BCA1CDB2CA6D7A600283FDB /* RecordFormViewController.xib */,
			);
			path = View;
			sourceTree = "<group>";
		};
/* End PBXGroup section */

/* Begin PBXNativeTarget section */
		6BCA1C8B2CA5DF9800283FDB /* Manicurist */ = {
			isa = PBXNativeTarget;
			buildConfigurationList = 6BCA1CA32CA5DF9A00283FDB /* Build configuration list for PBXNativeTarget "Manicurist" */;
			buildPhases = (
				6BCA1C882CA5DF9800283FDB /* Sources */,
				6BCA1C892CA5DF9800283FDB /* Frameworks */,
				6BCA1C8A2CA5DF9800283FDB /* Resources */,
			);
			buildRules = (
			);
			dependencies = (
			);
			name = Manicurist;
			productName = Manicurist;
			productReference = 6BCA1C8C2CA5DF9800283FDB /* Manicurist.app */;
			productType = "com.apple.product-type.application";
		};
/* End PBXNativeTarget section */

/* Begin PBXProject section */
		6BCA1C842CA5DF9800283FDB /* Project object */ = {
			isa = PBXProject;
			attributes = {
				BuildIndependentTargetsInParallel = 1;
				LastSwiftUpdateCheck = 1540;
				LastUpgradeCheck = 1540;
				TargetAttributes = {
					6BCA1C8B2CA5DF9800283FDB = {
						CreatedOnToolsVersion = 15.4;
					};
				};
			};
			buildConfigurationList = 6BCA1C872CA5DF9800283FDB /* Build configuration list for PBXProject "Manicurist" */;
			compatibilityVersion = "Xcode 14.0";
			developmentRegion = en;
			hasScannedForEncodings = 0;
			knownRegions = (
				en,
				Base,
			);
			mainGroup = 6BCA1C832CA5DF9800283FDB;
			productRefGroup = 6BCA1C8D2CA5DF9800283FDB /* Products */;
			projectDirPath = "";
			projectRoot = "";
			targets = (
				6BCA1C8B2CA5DF9800283FDB /* Manicurist */,
			);
		};
/* End PBXProject section */

/* Begin PBXResourcesBuildPhase section */
		6BCA1C8A2CA5DF9800283FDB /* Resources */ = {
			isa = PBXResourcesBuildPhase;
			buildActionMask = 2147483647;
			files = (
				6B0C1CB32CA88A7700C701D1 /* DesignFormViewController.xib in Resources */,
				6BCA1CBB2CA6B5FC00283FDB /* ADLaMDisplay-Regular.ttf in Resources */,
				6BCA1CDD2CA6D7A600283FDB /* RecordFormViewController.xib in Resources */,
				6BCA1C9C2CA5DF9A00283FDB /* Assets.xcassets in Resources */,
				6BCA1CC32CA6B71500283FDB /* SFProText-Semibold.ttf in Resources */,
				6BCA1CD52CA6CF3B00283FDB /* RecordsViewController.xib in Resources */,
				6B0C1CB82CA8B80800C701D1 /* MuseoModerno-Regular.ttf in Resources */,
				6BCA1C9F2CA5DF9A00283FDB /* Base in Resources */,
				6BCA1CC02CA6B71500283FDB /* SFProText-Medium.ttf in Resources */,
				6BCA1CB72CA6B37A00283FDB /* InfoViewController.xib in Resources */,
				6BCA1CCF2CA6CD3700283FDB /* MuseoModerno-Medium.ttf in Resources */,
				6BCA1C972CA5DF9800283FDB /* Base in Resources */,
				6BB222BD2CA8827800473864 /* AddDesignCollectionViewCell.xib in Resources */,
				6BB222A42CA7743A00473864 /* TabBar.storyboard in Resources */,
				6BB222972CA72DD700473864 /* RecordTableViewCell.xib in Resources */,
				6BCA1CC52CA6B73400283FDB /* SFProText-MediumItalic.ttf in Resources */,
				6BCA1CC12CA6B71500283FDB /* SFProText-Bold.ttf in Resources */,
				6BB222B72CA8636A00473864 /* DesignCollectionViewCell.xib in Resources */,
				6BCA1CC22CA6B71500283FDB /* SFProText-Regular.ttf in Resources */,
			);
			runOnlyForDeploymentPostprocessing = 0;
		};
/* End PBXResourcesBuildPhase section */

/* Begin PBXSourcesBuildPhase section */
		6BCA1C882CA5DF9800283FDB /* Sources */ = {
			isa = PBXSourcesBuildPhase;
			buildActionMask = 2147483647;
			files = (
				6BB2229A2CA7360F00473864 /* Date.swift in Sources */,
				6BB222882CA6EE6400473864 /* EmailTextField.swift in Sources */,
				6BB2228D2CA6F9DC00473864 /* RecordModel.swift in Sources */,
				6BCA1CB12CA606D200283FDB /* ViewController.swift in Sources */,
				6BB222842CA6EC4D00473864 /* BaseButton.swift in Sources */,
				6BCA1CD42CA6CF3B00283FDB /* RecordsViewController.swift in Sources */,
				6BCA1C902CA5DF9800283FDB /* AppDelegate.swift in Sources */,
				6BCA1CAF2CA5E45900283FDB /* MenuViewController.swift in Sources */,
				6B0C1CB62CA88C9500C701D1 /* BaseTextView.swift in Sources */,
				6BCA1CDC2CA6D7A600283FDB /* RecordFormViewController.swift in Sources */,
				6BB222B32CA861A100473864 /* DesignsViewModel.swift in Sources */,
				6BCA1CB62CA6B37A00283FDB /* InfoViewController.swift in Sources */,
				6B0C1CBB2CA8B94900C701D1 /* DesignFormViewModel.swift in Sources */,
				6BCA1CCB2CA6BCD300283FDB /* EdgeShadowLayer.swift in Sources */,
				6BB222982CA72DD700473864 /* RecordTableViewCell.swift in Sources */,
				6BB222822CA6DFED00473864 /* Image.swift in Sources */,
				6B0C1CB42CA88A7700C701D1 /* DesignFormViewController.swift in Sources */,
				6BB222B82CA8636A00473864 /* DesignCollectionViewCell.swift in Sources */,
				6BCA1CD72CA6CFC800283FDB /* BaseTextField.swift in Sources */,
				6BB222BA2CA865B800473864 /* PaddingLabel.swift in Sources */,
				6BB222932CA729F500473864 /* CoreDataManager.swift in Sources */,
				6BB222BE2CA8827800473864 /* AddDesignCollectionViewCell.swift in Sources */,
				6BB222AA2CA780C300473864 /* CatalogViewController.swift in Sources */,
				6BB2229D2CA736EB00473864 /* RecordsViewModel.swift in Sources */,
				6BB2228A2CA6F15800473864 /* PhoneNumberTextField.swift in Sources */,
				6BCA1CC72CA6B78700283FDB /* Font.swift in Sources */,
				6BB222A62CA774CF00473864 /* TabBarController.swift in Sources */,
				6BB222862CA6EE3D00473864 /* PriceTextField.swift in Sources */,
				6BCA1C9A2CA5DF9800283FDB /* Manicurist.xcdatamodeld in Sources */,
				6BCA1C922CA5DF9800283FDB /* SceneDelegate.swift in Sources */,
				6BCA1CC92CA6B79A00283FDB /* StringKey.swift in Sources */,
				6BCA1CAD2CA5E3E000283FDB /* UIView.swift in Sources */,
				6BB222A82CA779C300473864 /* DesignViewController.swift in Sources */,
				6BB222902CA6FD7400473864 /* RecordFormViewModel.swift in Sources */,
				6BB222B02CA860BA00473864 /* DesignModel.swift in Sources */,
			);
			runOnlyForDeploymentPostprocessing = 0;
		};
/* End PBXSourcesBuildPhase section */

/* Begin PBXVariantGroup section */
		6BCA1C952CA5DF9800283FDB /* Menu.storyboard */ = {
			isa = PBXVariantGroup;
			children = (
				6BCA1C962CA5DF9800283FDB /* Base */,
			);
			name = Menu.storyboard;
			sourceTree = "<group>";
		};
		6BCA1C9D2CA5DF9A00283FDB /* LaunchScreen.storyboard */ = {
			isa = PBXVariantGroup;
			children = (
				6BCA1C9E2CA5DF9A00283FDB /* Base */,
			);
			name = LaunchScreen.storyboard;
			sourceTree = "<group>";
		};
/* End PBXVariantGroup section */

/* Begin XCBuildConfiguration section */
		6BCA1CA12CA5DF9A00283FDB /* Debug */ = {
			isa = XCBuildConfiguration;
			buildSettings = {
				ALWAYS_SEARCH_USER_PATHS = NO;
				ASSETCATALOG_COMPILER_GENERATE_SWIFT_ASSET_SYMBOL_EXTENSIONS = YES;
				CLANG_ANALYZER_NONNULL = YES;
				CLANG_ANALYZER_NUMBER_OBJECT_CONVERSION = YES_AGGRESSIVE;
				CLANG_CXX_LANGUAGE_STANDARD = "gnu++20";
				CLANG_ENABLE_MODULES = YES;
				CLANG_ENABLE_OBJC_ARC = YES;
				CLANG_ENABLE_OBJC_WEAK = YES;
				CLANG_WARN_BLOCK_CAPTURE_AUTORELEASING = YES;
				CLANG_WARN_BOOL_CONVERSION = YES;
				CLANG_WARN_COMMA = YES;
				CLANG_WARN_CONSTANT_CONVERSION = YES;
				CLANG_WARN_DEPRECATED_OBJC_IMPLEMENTATIONS = YES;
				CLANG_WARN_DIRECT_OBJC_ISA_USAGE = YES_ERROR;
				CLANG_WARN_DOCUMENTATION_COMMENTS = YES;
				CLANG_WARN_EMPTY_BODY = YES;
				CLANG_WARN_ENUM_CONVERSION = YES;
				CLANG_WARN_INFINITE_RECURSION = YES;
				CLANG_WARN_INT_CONVERSION = YES;
				CLANG_WARN_NON_LITERAL_NULL_CONVERSION = YES;
				CLANG_WARN_OBJC_IMPLICIT_RETAIN_SELF = YES;
				CLANG_WARN_OBJC_LITERAL_CONVERSION = YES;
				CLANG_WARN_OBJC_ROOT_CLASS = YES_ERROR;
				CLANG_WARN_QUOTED_INCLUDE_IN_FRAMEWORK_HEADER = YES;
				CLANG_WARN_RANGE_LOOP_ANALYSIS = YES;
				CLANG_WARN_STRICT_PROTOTYPES = YES;
				CLANG_WARN_SUSPICIOUS_MOVE = YES;
				CLANG_WARN_UNGUARDED_AVAILABILITY = YES_AGGRESSIVE;
				CLANG_WARN_UNREACHABLE_CODE = YES;
				CLANG_WARN__DUPLICATE_METHOD_MATCH = YES;
				COPY_PHASE_STRIP = NO;
				DEBUG_INFORMATION_FORMAT = dwarf;
				ENABLE_STRICT_OBJC_MSGSEND = YES;
				ENABLE_TESTABILITY = YES;
				ENABLE_USER_SCRIPT_SANDBOXING = YES;
				GCC_C_LANGUAGE_STANDARD = gnu17;
				GCC_DYNAMIC_NO_PIC = NO;
				GCC_NO_COMMON_BLOCKS = YES;
				GCC_OPTIMIZATION_LEVEL = 0;
				GCC_PREPROCESSOR_DEFINITIONS = (
					"DEBUG=1",
					"$(inherited)",
				);
				GCC_WARN_64_TO_32_BIT_CONVERSION = YES;
				GCC_WARN_ABOUT_RETURN_TYPE = YES_ERROR;
				GCC_WARN_UNDECLARED_SELECTOR = YES;
				GCC_WARN_UNINITIALIZED_AUTOS = YES_AGGRESSIVE;
				GCC_WARN_UNUSED_FUNCTION = YES;
				GCC_WARN_UNUSED_VARIABLE = YES;
				IPHONEOS_DEPLOYMENT_TARGET = 17.5;
				LOCALIZATION_PREFERS_STRING_CATALOGS = YES;
				MTL_ENABLE_DEBUG_INFO = INCLUDE_SOURCE;
				MTL_FAST_MATH = YES;
				ONLY_ACTIVE_ARCH = YES;
				SDKROOT = iphoneos;
				SWIFT_ACTIVE_COMPILATION_CONDITIONS = "DEBUG $(inherited)";
				SWIFT_OPTIMIZATION_LEVEL = "-Onone";
			};
			name = Debug;
		};
		6BCA1CA22CA5DF9A00283FDB /* Release */ = {
			isa = XCBuildConfiguration;
			buildSettings = {
				ALWAYS_SEARCH_USER_PATHS = NO;
				ASSETCATALOG_COMPILER_GENERATE_SWIFT_ASSET_SYMBOL_EXTENSIONS = YES;
				CLANG_ANALYZER_NONNULL = YES;
				CLANG_ANALYZER_NUMBER_OBJECT_CONVERSION = YES_AGGRESSIVE;
				CLANG_CXX_LANGUAGE_STANDARD = "gnu++20";
				CLANG_ENABLE_MODULES = YES;
				CLANG_ENABLE_OBJC_ARC = YES;
				CLANG_ENABLE_OBJC_WEAK = YES;
				CLANG_WARN_BLOCK_CAPTURE_AUTORELEASING = YES;
				CLANG_WARN_BOOL_CONVERSION = YES;
				CLANG_WARN_COMMA = YES;
				CLANG_WARN_CONSTANT_CONVERSION = YES;
				CLANG_WARN_DEPRECATED_OBJC_IMPLEMENTATIONS = YES;
				CLANG_WARN_DIRECT_OBJC_ISA_USAGE = YES_ERROR;
				CLANG_WARN_DOCUMENTATION_COMMENTS = YES;
				CLANG_WARN_EMPTY_BODY = YES;
				CLANG_WARN_ENUM_CONVERSION = YES;
				CLANG_WARN_INFINITE_RECURSION = YES;
				CLANG_WARN_INT_CONVERSION = YES;
				CLANG_WARN_NON_LITERAL_NULL_CONVERSION = YES;
				CLANG_WARN_OBJC_IMPLICIT_RETAIN_SELF = YES;
				CLANG_WARN_OBJC_LITERAL_CONVERSION = YES;
				CLANG_WARN_OBJC_ROOT_CLASS = YES_ERROR;
				CLANG_WARN_QUOTED_INCLUDE_IN_FRAMEWORK_HEADER = YES;
				CLANG_WARN_RANGE_LOOP_ANALYSIS = YES;
				CLANG_WARN_STRICT_PROTOTYPES = YES;
				CLANG_WARN_SUSPICIOUS_MOVE = YES;
				CLANG_WARN_UNGUARDED_AVAILABILITY = YES_AGGRESSIVE;
				CLANG_WARN_UNREACHABLE_CODE = YES;
				CLANG_WARN__DUPLICATE_METHOD_MATCH = YES;
				COPY_PHASE_STRIP = NO;
				DEBUG_INFORMATION_FORMAT = "dwarf-with-dsym";
				ENABLE_NS_ASSERTIONS = NO;
				ENABLE_STRICT_OBJC_MSGSEND = YES;
				ENABLE_USER_SCRIPT_SANDBOXING = YES;
				GCC_C_LANGUAGE_STANDARD = gnu17;
				GCC_NO_COMMON_BLOCKS = YES;
				GCC_WARN_64_TO_32_BIT_CONVERSION = YES;
				GCC_WARN_ABOUT_RETURN_TYPE = YES_ERROR;
				GCC_WARN_UNDECLARED_SELECTOR = YES;
				GCC_WARN_UNINITIALIZED_AUTOS = YES_AGGRESSIVE;
				GCC_WARN_UNUSED_FUNCTION = YES;
				GCC_WARN_UNUSED_VARIABLE = YES;
				IPHONEOS_DEPLOYMENT_TARGET = 17.5;
				LOCALIZATION_PREFERS_STRING_CATALOGS = YES;
				MTL_ENABLE_DEBUG_INFO = NO;
				MTL_FAST_MATH = YES;
				SDKROOT = iphoneos;
				SWIFT_COMPILATION_MODE = wholemodule;
				VALIDATE_PRODUCT = YES;
			};
			name = Release;
		};
		6BCA1CA42CA5DF9A00283FDB /* Debug */ = {
			isa = XCBuildConfiguration;
			buildSettings = {
				ASSETCATALOG_COMPILER_APPICON_NAME = AppIcon;
				ASSETCATALOG_COMPILER_GLOBAL_ACCENT_COLOR_NAME = AccentColor;
				CODE_SIGN_STYLE = Automatic;
				CURRENT_PROJECT_VERSION = 1;
				DEVELOPMENT_TEAM = 9YUSQBCAX9;
				GENERATE_INFOPLIST_FILE = YES;
				INFOPLIST_FILE = Manicurist/Info.plist;
				INFOPLIST_KEY_UIApplicationSupportsIndirectInputEvents = YES;
				INFOPLIST_KEY_UILaunchStoryboardName = LaunchScreen;
				INFOPLIST_KEY_UIMainStoryboardFile = Menu;
				INFOPLIST_KEY_UISupportedInterfaceOrientations_iPad = "UIInterfaceOrientationPortrait UIInterfaceOrientationPortraitUpsideDown UIInterfaceOrientationLandscapeLeft UIInterfaceOrientationLandscapeRight";
				INFOPLIST_KEY_UISupportedInterfaceOrientations_iPhone = "UIInterfaceOrientationPortrait UIInterfaceOrientationLandscapeLeft UIInterfaceOrientationLandscapeRight";
				LD_RUNPATH_SEARCH_PATHS = (
					"$(inherited)",
					"@executable_path/Frameworks",
				);
				MARKETING_VERSION = 1.0;
				PRODUCT_BUNDLE_IDENTIFIER = Karen.Manicurist;
				PRODUCT_NAME = "$(TARGET_NAME)";
				SWIFT_EMIT_LOC_STRINGS = YES;
				SWIFT_VERSION = 5.0;
				TARGETED_DEVICE_FAMILY = "1,2";
			};
			name = Debug;
		};
		6BCA1CA52CA5DF9A00283FDB /* Release */ = {
			isa = XCBuildConfiguration;
			buildSettings = {
				ASSETCATALOG_COMPILER_APPICON_NAME = AppIcon;
				ASSETCATALOG_COMPILER_GLOBAL_ACCENT_COLOR_NAME = AccentColor;
				CODE_SIGN_STYLE = Automatic;
				CURRENT_PROJECT_VERSION = 1;
				DEVELOPMENT_TEAM = 9YUSQBCAX9;
				GENERATE_INFOPLIST_FILE = YES;
				INFOPLIST_FILE = Manicurist/Info.plist;
				INFOPLIST_KEY_UIApplicationSupportsIndirectInputEvents = YES;
				INFOPLIST_KEY_UILaunchStoryboardName = LaunchScreen;
				INFOPLIST_KEY_UIMainStoryboardFile = Menu;
				INFOPLIST_KEY_UISupportedInterfaceOrientations_iPad = "UIInterfaceOrientationPortrait UIInterfaceOrientationPortraitUpsideDown UIInterfaceOrientationLandscapeLeft UIInterfaceOrientationLandscapeRight";
				INFOPLIST_KEY_UISupportedInterfaceOrientations_iPhone = "UIInterfaceOrientationPortrait UIInterfaceOrientationLandscapeLeft UIInterfaceOrientationLandscapeRight";
				LD_RUNPATH_SEARCH_PATHS = (
					"$(inherited)",
					"@executable_path/Frameworks",
				);
				MARKETING_VERSION = 1.0;
				PRODUCT_BUNDLE_IDENTIFIER = Karen.Manicurist;
				PRODUCT_NAME = "$(TARGET_NAME)";
				SWIFT_EMIT_LOC_STRINGS = YES;
				SWIFT_VERSION = 5.0;
				TARGETED_DEVICE_FAMILY = "1,2";
			};
			name = Release;
		};
/* End XCBuildConfiguration section */

/* Begin XCConfigurationList section */
		6BCA1C872CA5DF9800283FDB /* Build configuration list for PBXProject "Manicurist" */ = {
			isa = XCConfigurationList;
			buildConfigurations = (
				6BCA1CA12CA5DF9A00283FDB /* Debug */,
				6BCA1CA22CA5DF9A00283FDB /* Release */,
			);
			defaultConfigurationIsVisible = 0;
			defaultConfigurationName = Release;
		};
		6BCA1CA32CA5DF9A00283FDB /* Build configuration list for PBXNativeTarget "Manicurist" */ = {
			isa = XCConfigurationList;
			buildConfigurations = (
				6BCA1CA42CA5DF9A00283FDB /* Debug */,
				6BCA1CA52CA5DF9A00283FDB /* Release */,
			);
			defaultConfigurationIsVisible = 0;
			defaultConfigurationName = Release;
		};
/* End XCConfigurationList section */

/* Begin XCVersionGroup section */
		6BCA1C982CA5DF9800283FDB /* Manicurist.xcdatamodeld */ = {
			isa = XCVersionGroup;
			children = (
				6BCA1C992CA5DF9800283FDB /* Manicurist.xcdatamodel */,
			);
			currentVersion = 6BCA1C992CA5DF9800283FDB /* Manicurist.xcdatamodel */;
			path = Manicurist.xcdatamodeld;
			sourceTree = "<group>";
			versionGroupType = wrapper.xcdatamodel;
		};
/* End XCVersionGroup section */
	};
	rootObject = 6BCA1C842CA5DF9800283FDB /* Project object */;
}
